
Microsoft Visual Studio Solution File, Format Version 12.00
Project("{FAE04EC0-301F-11D3-BF4B-00C04F79EFBC}") = "Yahu", "Yahu\Yahu.csproj", "{0F48DE21-0BCB-4184-B001-0637FB516935}"
EndProject
Global
	GlobalSection(SolutionConfigurationPlatforms) = preSolution
		Debug|Any CPU = Debug|Any CPU
		Release|Any CPU = Release|Any CPU
	EndGlobalSection
	GlobalSection(ProjectConfigurationPlatforms) = postSolution
		{0F48DE21-0BCB-4184-B001-0637FB516935}.Debug|Any CPU.ActiveCfg = Debug|Any CPU
		{0F48DE21-0BCB-4184-B001-0637FB516935}.Debug|Any CPU.Build.0 = Debug|Any CPU
		{0F48DE21-0BCB-4184-B001-0637FB516935}.Release|Any CPU.ActiveCfg = Release|Any CPU
		{0F48DE21-0BCB-4184-B001-0637FB516935}.Release|Any CPU.Build.0 = Release|Any CPU
	EndGlobalSection
EndGlobal
